
Microsoft Visual Studio Solution File, Format Version 12.00
# Visual Studio 15
VisualStudioVersion = 15.0.28307.168
MinimumVisualStudioVersion = 10.0.40219.1
Project("{FAE04EC0-301F-11D3-BF4B-00C04F79EFBC}") = "InClass_1_22_19", "InClass_1_22_19\InClass_1_22_19.csproj", "{0F4B1515-94E3-4F56-8CBF-3DE0447759CE}"
EndProject
Global
	GlobalSection(SolutionConfigurationPlatforms) = preSolution
		Debug|Any CPU = Debug|Any CPU
		Release|Any CPU = Release|Any CPU
	EndGlobalSection
	GlobalSection(ProjectConfigurationPlatforms) = postSolution
		{0F4B1515-94E3-4F56-8CBF-3DE0447759CE}.Debug|Any CPU.ActiveCfg = Debug|Any CPU
		{0F4B1515-94E3-4F56-8CBF-3DE0447759CE}.Debug|Any CPU.Build.0 = Debug|Any CPU
		{0F4B1515-94E3-4F56-8CBF-3DE0447759CE}.Release|Any CPU.ActiveCfg = Release|Any CPU
		{0F4B1515-94E3-4F56-8CBF-3DE0447759CE}.Release|Any CPU.Build.0 = Release|Any CPU
	EndGlobalSection
	GlobalSection(SolutionProperties) = preSolution
		HideSolutionNode = FALSE
	EndGlobalSection
	GlobalSection(ExtensibilityGlobals) = postSolution
		SolutionGuid = {0F5138CF-47C1-4236-A27A-B8574DFB1420}
	EndGlobalSection
EndGlobal
